
Microsoft Visual Studio Solution File, Format Version 12.00
# Visual Studio Version 16
VisualStudioVersion = 16.0.31729.503
MinimumVisualStudioVersion = 10.0.40219.1
Project("{FAE04EC0-301F-11D3-BF4B-00C04F79EFBC}") = "It-VMOS", "It-VMOS\It-VMOS.csproj", "{7C368169-3BAE-4F41-B7A3-D3B1BED3A919}"
EndProject
Global
	GlobalSection(SolutionConfigurationPlatforms) = preSolution
		Debug|Any CPU = Debug|Any CPU
		Release|Any CPU = Release|Any CPU
	EndGlobalSection
	GlobalSection(ProjectConfigurationPlatforms) = postSolution
		{7C368169-3BAE-4F41-B7A3-D3B1BED3A919}.Debug|Any CPU.ActiveCfg = Debug|Any CPU
		{7C368169-3BAE-4F41-B7A3-D3B1BED3A919}.Debug|Any CPU.Build.0 = Debug|Any CPU
		{7C368169-3BAE-4F41-B7A3-D3B1BED3A919}.Release|Any CPU.ActiveCfg = Release|Any CPU
		{7C368169-3BAE-4F41-B7A3-D3B1BED3A919}.Release|Any CPU.Build.0 = Release|Any CPU
	EndGlobalSection
	GlobalSection(SolutionProperties) = preSolution
		HideSolutionNode = FALSE
	EndGlobalSection
	GlobalSection(ExtensibilityGlobals) = postSolution
		SolutionGuid = {C086384F-33FF-4325-93A2-49BCE47F9D8C}
	EndGlobalSection
EndGlobal
