
Microsoft Visual Studio Solution File, Format Version 12.00
# Visual Studio Version 16
VisualStudioVersion = 16.0.30717.126
MinimumVisualStudioVersion = 10.0.40219.1
Project("{FAE04EC0-301F-11D3-BF4B-00C04F79EFBC}") = "ItDosSystemPlikow", "ItDosSystemPlikow\ItDosSystemPlikow.csproj", "{8873A916-C4AB-4B3B-9C08-2FA89C679C11}"
EndProject
Global
	GlobalSection(SolutionConfigurationPlatforms) = preSolution
		Debug|Any CPU = Debug|Any CPU
		Release|Any CPU = Release|Any CPU
	EndGlobalSection
	GlobalSection(ProjectConfigurationPlatforms) = postSolution
		{8873A916-C4AB-4B3B-9C08-2FA89C679C11}.Debug|Any CPU.ActiveCfg = Debug|Any CPU
		{8873A916-C4AB-4B3B-9C08-2FA89C679C11}.Debug|Any CPU.Build.0 = Debug|Any CPU
		{8873A916-C4AB-4B3B-9C08-2FA89C679C11}.Release|Any CPU.ActiveCfg = Release|Any CPU
		{8873A916-C4AB-4B3B-9C08-2FA89C679C11}.Release|Any CPU.Build.0 = Release|Any CPU
	EndGlobalSection
	GlobalSection(SolutionProperties) = preSolution
		HideSolutionNode = FALSE
	EndGlobalSection
	GlobalSection(ExtensibilityGlobals) = postSolution
		SolutionGuid = {60FEF37A-23F8-48F0-A960-3EC204C01235}
	EndGlobalSection
EndGlobal
